
Microsoft Visual Studio Solution File, Format Version 12.00
# Visual Studio Version 16
VisualStudioVersion = 16.0.29519.181
MinimumVisualStudioVersion = 10.0.40219.1
Project("{FAE04EC0-301F-11D3-BF4B-00C04F79EFBC}") = "PB_Catalog", "PB_Catalog\PB_Catalog.csproj", "{A08D7010-FB40-42D0-8014-DD699DC27F84}"
EndProject
Global
	GlobalSection(SolutionConfigurationPlatforms) = preSolution
		Debug|Any CPU = Debug|Any CPU
		Release|Any CPU = Release|Any CPU
	EndGlobalSection
	GlobalSection(ProjectConfigurationPlatforms) = postSolution
		{A08D7010-FB40-42D0-8014-DD699DC27F84}.Debug|Any CPU.ActiveCfg = Debug|Any CPU
		{A08D7010-FB40-42D0-8014-DD699DC27F84}.Debug|Any CPU.Build.0 = Debug|Any CPU
		{A08D7010-FB40-42D0-8014-DD699DC27F84}.Release|Any CPU.ActiveCfg = Release|Any CPU
		{A08D7010-FB40-42D0-8014-DD699DC27F84}.Release|Any CPU.Build.0 = Release|Any CPU
	EndGlobalSection
	GlobalSection(SolutionProperties) = preSolution
		HideSolutionNode = FALSE
	EndGlobalSection
	GlobalSection(ExtensibilityGlobals) = postSolution
		SolutionGuid = {4ADAE86D-47B5-4D0A-8282-6CAC44B779B1}
	EndGlobalSection
EndGlobal
